
Microsoft Visual Studio Solution File, Format Version 12.00
# Visual Studio Version 16
VisualStudioVersion = 16.0.31729.503
MinimumVisualStudioVersion = 10.0.40219.1
Project("{FAE04EC0-301F-11D3-BF4B-00C04F79EFBC}") = "MikRobi3", "MikRobi3\MikRobi3.csproj", "{DFCF05DA-3BA1-4AE7-9274-547D6DCA07C2}"
EndProject
Global
	GlobalSection(SolutionConfigurationPlatforms) = preSolution
		Debug|Any CPU = Debug|Any CPU
		Release|Any CPU = Release|Any CPU
	EndGlobalSection
	GlobalSection(ProjectConfigurationPlatforms) = postSolution
		{DFCF05DA-3BA1-4AE7-9274-547D6DCA07C2}.Debug|Any CPU.ActiveCfg = Debug|Any CPU
		{DFCF05DA-3BA1-4AE7-9274-547D6DCA07C2}.Debug|Any CPU.Build.0 = Debug|Any CPU
		{DFCF05DA-3BA1-4AE7-9274-547D6DCA07C2}.Release|Any CPU.ActiveCfg = Release|Any CPU
		{DFCF05DA-3BA1-4AE7-9274-547D6DCA07C2}.Release|Any CPU.Build.0 = Release|Any CPU
	EndGlobalSection
	GlobalSection(SolutionProperties) = preSolution
		HideSolutionNode = FALSE
	EndGlobalSection
	GlobalSection(ExtensibilityGlobals) = postSolution
		SolutionGuid = {36F9203F-F6A4-40E6-A214-4C2944F61362}
	EndGlobalSection
EndGlobal
